<?xml version="1.0" encoding="UTF-8"?>
<CONFIG>
  <ProjectOptions>
    <Version Value="9"/>
    <General>
      <Flags>
        <MainUnitHasCreateFormStatements Value="False"/>
        <MainUnitHasTitleStatement Value="False"/>
      </Flags>
      <SessionStorage Value="InProjectDir"/>
      <MainUnit Value="0"/>
      <Title Value="program_brand_new"/>
      <UseAppBundle Value="False"/>
      <ResourceType Value="res"/>
    </General>
    <i18n>
      <EnableI18N LFM="False"/>
    </i18n>
    <VersionInfo>
      <StringTable ProductVersion=""/>
    </VersionInfo>
    <BuildModes Count="1">
      <Item1 Name="Default" Default="True"/>
    </BuildModes>
    <PublishOptions>
      <Version Value="2"/>
    </PublishOptions>
    <RunParams>
      <local>
        <FormatVersion Value="1"/>
      </local>
    </RunParams>
    <Units Count="15">
      <Unit0>
        <Filename Value="program_brand_new.pas"/>
        <IsPartOfProject Value="True"/>
        <UnitName Value="program_brand_new"/>
      </Unit0>
      <Unit1>
        <Filename Value="unit_preferences.pas"/>
        <IsPartOfProject Value="True"/>
        <UnitName Value="unit_preferences"/>
      </Unit1>
      <Unit2>
        <Filename Value="unit_initialize.pas"/>
        <IsPartOfProject Value="True"/>
        <UnitName Value="unit_initialize"/>
      </Unit2>
      <Unit3>
        <Filename Value="unit_my_globals.pas"/>
        <IsPartOfProject Value="True"/>
        <UnitName Value="unit_my_globals"/>
      </Unit3>
      <Unit4>
        <Filename Value="unit_handle_the_menus.pas"/>
        <IsPartOfProject Value="True"/>
        <UnitName Value="unit_handle_the_menus"/>
      </Unit4>
      <Unit5>
        <Filename Value="unit_richard.pas"/>
        <IsPartOfProject Value="True"/>
        <UnitName Value="unit_richard"/>
      </Unit5>
      <Unit6>
        <Filename Value="unit_ted.pas"/>
        <IsPartOfProject Value="True"/>
        <UnitName Value="unit_ted"/>
      </Unit6>
      <Unit7>
        <Filename Value="unit_engineering_window.pas"/>
        <IsPartOfProject Value="True"/>
        <UnitName Value="unit_engineering_window"/>
      </Unit7>
      <Unit8>
        <Filename Value="unit_breeding_window.pas"/>
        <IsPartOfProject Value="True"/>
        <UnitName Value="unit_breeding_window"/>
      </Unit8>
      <Unit9>
        <Filename Value="unit_about_arthromorphs.pas"/>
        <IsPartOfProject Value="True"/>
        <UnitName Value="unit_about_arthromorphs"/>
      </Unit9>
      <Unit10>
        <Filename Value="unit_error_alert.pas"/>
        <IsPartOfProject Value="True"/>
        <UnitName Value="unit_error_alert"/>
      </Unit10>
      <Unit11>
        <Filename Value="unit_genome_window.pas"/>
        <IsPartOfProject Value="True"/>
        <UnitName Value="unit_genome_window"/>
      </Unit11>
      <Unit12>
        <Filename Value="unit_init_the_menus.pas"/>
        <IsPartOfProject Value="True"/>
        <UnitName Value="unit_init_the_menus"/>
      </Unit12>
      <Unit13>
        <Filename Value="unit_boxes.pas"/>
        <IsPartOfProject Value="True"/>
        <UnitName Value="unit_boxes"/>
      </Unit13>
      <Unit14>
        <Filename Value="../MacPascal/think_pascal.pas"/>
        <IsPartOfProject Value="True"/>
        <UnitName Value="think_pascal"/>
      </Unit14>
    </Units>
  </ProjectOptions>
  <CompilerOptions>
    <Version Value="11"/>
    <Target>
      <Filename Value="program_brand_new"/>
    </Target>
    <SearchPaths>
      <IncludeFiles Value="$(ProjOutDir)"/>
      <OtherUnitFiles Value="../MacPascal;../PInterfaces_System71"/>
      <UnitOutputDirectory Value="lib/$(TargetCPU)-$(TargetOS)"/>
    </SearchPaths>
    <Parsing>
      <SyntaxOptions>
        <SyntaxMode Value="macpas"/>
      </SyntaxOptions>
    </Parsing>
    <Other>
      <Verbosity>
        <ShowNotes Value="False"/>
        <ShowHints Value="False"/>
      </Verbosity>
    </Other>
  </CompilerOptions>
  <Debugging>
    <Exceptions Count="3">
      <Item1>
        <Name Value="EAbort"/>
      </Item1>
      <Item2>
        <Name Value="ECodetoolError"/>
      </Item2>
      <Item3>
        <Name Value="EFOpenError"/>
      </Item3>
    </Exceptions>
  </Debugging>
</CONFIG>
